Microsoft Visual Studio Solution File, Format Version 12.00
# Visual Studio Version 17
VisualStudioVersion = 17.5.2.0
MinimumVisualStudioVersion = 10.0.40219.1
Project("{FAE04EC0-301F-11D3-BF4B-00C04F79EFBC}") = "MvcOrnek1", "MvcOrnek1\MvcOrnek1.csproj", "{5AC98A89-0B0F-DC4C-EB91-DC04B24F9C8F}"
EndProject
Global
	GlobalSection(SolutionConfigurationPlatforms) = preSolution
		Debug|Any CPU = Debug|Any CPU
		Release|Any CPU = Release|Any CPU
	EndGlobalSection
	GlobalSection(ProjectConfigurationPlatforms) = postSolution
		{5AC98A89-0B0F-DC4C-EB91-DC04B24F9C8F}.Debug|Any CPU.ActiveCfg = Debug|Any CPU
		{5AC98A89-0B0F-DC4C-EB91-DC04B24F9C8F}.Debug|Any CPU.Build.0 = Debug|Any CPU
		{5AC98A89-0B0F-DC4C-EB91-DC04B24F9C8F}.Release|Any CPU.ActiveCfg = Release|Any CPU
		{5AC98A89-0B0F-DC4C-EB91-DC04B24F9C8F}.Release|Any CPU.Build.0 = Release|Any CPU
	EndGlobalSection
	GlobalSection(SolutionProperties) = preSolution
		HideSolutionNode = FALSE
	EndGlobalSection
	GlobalSection(ExtensibilityGlobals) = postSolution
		SolutionGuid = {39741411-2F17-4FBB-BB25-62369F5C2652}
	EndGlobalSection
EndGlobal
